// !$*UTF8*$!
{
	archiveVersion = 1;
	classes = {
	};
	objectVersion = 50;
	objects = {

/* Begin PBXBuildFile section */
		A3722047262C116C007B6E93 /* AppDelegate.swift in Sources */ = {isa = PBXBuildFile; fileRef = A3722046262C116C007B6E93 /* AppDelegate.swift */; };
		A3722049262C116C007B6E93 /* SceneDelegate.swift in Sources */ = {isa = PBXBuildFile; fileRef = A3722048262C116C007B6E93 /* SceneDelegate.swift */; };
		A372204B262C116C007B6E93 /* ViewController.swift in Sources */ = {isa = PBXBuildFile; fileRef = A372204A262C116C007B6E93 /* ViewController.swift */; };
		A372204E262C116C007B6E93 /* Main.storyboard in Resources */ = {isa = PBXBuildFile; fileRef = A372204C262C116C007B6E93 /* Main.storyboard */; };
		A3722050262C116E007B6E93 /* Assets.xcassets in Resources */ = {isa = PBXBuildFile; fileRef = A372204F262C116E007B6E93 /* Assets.xcassets */; };
		A3722053262C116E007B6E93 /* LaunchScreen.storyboard in Resources */ = {isa = PBXBuildFile; fileRef = A3722051262C116E007B6E93 /* LaunchScreen.storyboard */; };
		A372205D262C133E007B6E93 /* wwe-logo.png in Resources */ = {isa = PBXBuildFile; fileRef = A372205C262C133E007B6E93 /* wwe-logo.png */; };
		A3722060262C1502007B6E93 /* Question.swift in Sources */ = {isa = PBXBuildFile; fileRef = A372205F262C1502007B6E93 /* Question.swift */; };
		A3722065262C155E007B6E93 /* QuizModel.swift in Sources */ = {isa = PBXBuildFile; fileRef = A3722064262C155E007B6E93 /* QuizModel.swift */; };
/* End PBXBuildFile section */

/* Begin PBXFileReference section */
		A3722043262C116C007B6E93 /* WWE_Trivia.app */ = {isa = PBXFileReference; explicitFileType = wrapper.application; includeInIndex = 0; path = WWE_Trivia.app; sourceTree = BUILT_PRODUCTS_DIR; };
		A3722046262C116C007B6E93 /* AppDelegate.swift */ = {isa = PBXFileReference; lastKnownFileType = sourcecode.swift; path = AppDelegate.swift; sourceTree = "<group>"; };
		A3722048262C116C007B6E93 /* SceneDelegate.swift */ = {isa = PBXFileReference; lastKnownFileType = sourcecode.swift; path = SceneDelegate.swift; sourceTree = "<group>"; };
		A372204A262C116C007B6E93 /* ViewController.swift */ = {isa = PBXFileReference; lastKnownFileType = sourcecode.swift; path = ViewController.swift; sourceTree = "<group>"; };
		A372204D262C116C007B6E93 /* Base */ = {isa = PBXFileReference; lastKnownFileType = file.storyboard; name = Base; path = Base.lproj/Main.storyboard; sourceTree = "<group>"; };
		A372204F262C116E007B6E93 /* Assets.xcassets */ = {isa = PBXFileReference; lastKnownFileType = folder.assetcatalog; path = Assets.xcassets; sourceTree = "<group>"; };
		A3722052262C116E007B6E93 /* Base */ = {isa = PBXFileReference; lastKnownFileType = file.storyboard; name = Base; path = Base.lproj/LaunchScreen.storyboard; sourceTree = "<group>"; };
		A3722054262C116E007B6E93 /* Info.plist */ = {isa = PBXFileReference; lastKnownFileType = text.plist.xml; path = Info.plist; sourceTree = "<group>"; };
		A372205C262C133E007B6E93 /* wwe-logo.png */ = {isa = PBXFileReference; lastKnownFileType = image.png; path = "wwe-logo.png"; sourceTree = "<group>"; };
		A372205F262C1502007B6E93 /* Question.swift */ = {isa = PBXFileReference; lastKnownFileType = sourcecode.swift; path = Question.swift; sourceTree = "<group>"; };
		A3722064262C155E007B6E93 /* QuizModel.swift */ = {isa = PBXFileReference; lastKnownFileType = sourcecode.swift; path = QuizModel.swift; sourceTree = "<group>"; };
/* End PBXFileReference section */

/* Begin PBXFrameworksBuildPhase section */
		A3722040262C116C007B6E93 /* Frameworks */ = {
			isa = PBXFrameworksBuildPhase;
			buildActionMask = 2147483647;
			files = (
			);
			runOnlyForDeploymentPostprocessing = 0;
		};
/* End PBXFrameworksBuildPhase section */

/* Begin PBXGroup section */
		A372203A262C116C007B6E93 = {
			isa = PBXGroup;
			children = (
				A3722045262C116C007B6E93 /* WWE_Trivia */,
				A3722044262C116C007B6E93 /* Products */,
			);
			sourceTree = "<group>";
		};
		A3722044262C116C007B6E93 /* Products */ = {
			isa = PBXGroup;
			children = (
				A3722043262C116C007B6E93 /* WWE_Trivia.app */,
			);
			name = Products;
			sourceTree = "<group>";
		};
		A3722045262C116C007B6E93 /* WWE_Trivia */ = {
			isa = PBXGroup;
			children = (
				A3722046262C116C007B6E93 /* AppDelegate.swift */,
				A3722048262C116C007B6E93 /* SceneDelegate.swift */,
				A3722062262C151F007B6E93 /* Model */,
				A3722067262C185D007B6E93 /* View */,
				A3722069262C186C007B6E93 /* Controller */,
				A372204F262C116E007B6E93 /* Assets.xcassets */,
				A372205C262C133E007B6E93 /* wwe-logo.png */,
				A3722051262C116E007B6E93 /* LaunchScreen.storyboard */,
				A3722054262C116E007B6E93 /* Info.plist */,
			);
			path = WWE_Trivia;
			sourceTree = "<group>";
		};
		A3722062262C151F007B6E93 /* Model */ = {
			isa = PBXGroup;
			children = (
				A372205F262C1502007B6E93 /* Question.swift */,
				A3722064262C155E007B6E93 /* QuizModel.swift */,
			);
			path = Model;
			sourceTree = "<group>";
		};
		A3722067262C185D007B6E93 /* View */ = {
			isa = PBXGroup;
			children = (
				A372204C262C116C007B6E93 /* Main.storyboard */,
			);
			path = View;
			sourceTree = "<group>";
		};
		A3722069262C186C007B6E93 /* Controller */ = {
			isa = PBXGroup;
			children = (
				A372204A262C116C007B6E93 /* ViewController.swift */,
			);
			path = Controller;
			sourceTree = "<group>";
		};
/* End PBXGroup section */

/* Begin PBXNativeTarget section */
		A3722042262C116C007B6E93 /* WWE_Trivia */ = {
			isa = PBXNativeTarget;
			buildConfigurationList = A3722057262C116E007B6E93 /* Build configuration list for PBXNativeTarget "WWE_Trivia" */;
			buildPhases = (
				A372203F262C116C007B6E93 /* Sources */,
				A3722040262C116C007B6E93 /* Frameworks */,
				A3722041262C116C007B6E93 /* Resources */,
			);
			buildRules = (
			);
			dependencies = (
			);
			name = WWE_Trivia;
			productName = WWE_Trivia;
			productReference = A3722043262C116C007B6E93 /* WWE_Trivia.app */;
			productType = "com.apple.product-type.application";
		};
/* End PBXNativeTarget section */

/* Begin PBXProject section */
		A372203B262C116C007B6E93 /* Project object */ = {
			isa = PBXProject;
			attributes = {
				LastSwiftUpdateCheck = 1240;
				LastUpgradeCheck = 1240;
				TargetAttributes = {
					A3722042262C116C007B6E93 = {
						CreatedOnToolsVersion = 12.4;
					};
				};
			};
			buildConfigurationList = A372203E262C116C007B6E93 /* Build configuration list for PBXProject "WWE_Trivia" */;
			compatibilityVersion = "Xcode 9.3";
			developmentRegion = en;
			hasScannedForEncodings = 0;
			knownRegions = (
				en,
				Base,
			);
			mainGroup = A372203A262C116C007B6E93;
			productRefGroup = A3722044262C116C007B6E93 /* Products */;
			projectDirPath = "";
			projectRoot = "";
			targets = (
				A3722042262C116C007B6E93 /* WWE_Trivia */,
			);
		};
/* End PBXProject section */

/* Begin PBXResourcesBuildPhase section */
		A3722041262C116C007B6E93 /* Resources */ = {
			isa = PBXResourcesBuildPhase;
			buildActionMask = 2147483647;
			files = (
				A372205D262C133E007B6E93 /* wwe-logo.png in Resources */,
				A3722053262C116E007B6E93 /* LaunchScreen.storyboard in Resources */,
				A3722050262C116E007B6E93 /* Assets.xcassets in Resources */,
				A372204E262C116C007B6E93 /* Main.storyboard in Resources */,
			);
			runOnlyForDeploymentPostprocessing = 0;
		};
/* End PBXResourcesBuildPhase section */

/* Begin PBXSourcesBuildPhase section */
		A372203F262C116C007B6E93 /* Sources */ = {
			isa = PBXSourcesBuildPhase;
			buildActionMask = 2147483647;
			files = (
				A372204B262C116C007B6E93 /* ViewController.swift in Sources */,
				A3722060262C1502007B6E93 /* Question.swift in Sources */,
				A3722047262C116C007B6E93 /* AppDelegate.swift in Sources */,
				A3722049262C116C007B6E93 /* SceneDelegate.swift in Sources */,
				A3722065262C155E007B6E93 /* QuizModel.swift in Sources */,
			);
			runOnlyForDeploymentPostprocessing = 0;
		};
/* End PBXSourcesBuildPhase section */

/* Begin PBXVariantGroup section */
		A372204C262C116C007B6E93 /* Main.storyboard */ = {
			isa = PBXVariantGroup;
			children = (
				A372204D262C116C007B6E93 /* Base */,
			);
			name = Main.storyboard;
			sourceTree = "<group>";
		};
		A3722051262C116E007B6E93 /* LaunchScreen.storyboard */ = {
			isa = PBXVariantGroup;
			children = (
				A3722052262C116E007B6E93 /* Base */,
			);
			name = LaunchScreen.storyboard;
			sourceTree = "<group>";
		};
/* End PBXVariantGroup section */

/* Begin XCBuildConfiguration section */
		A3722055262C116E007B6E93 /* Debug */ = {
			isa = XCBuildConfiguration;
			buildSettings = {
				ALWAYS_SEARCH_USER_PATHS = NO;
				CLANG_ANALYZER_NONNULL = YES;
				CLANG_ANALYZER_NUMBER_OBJECT_CONVERSION = YES_AGGRESSIVE;
				CLANG_CXX_LANGUAGE_STANDARD = "gnu++14";
				CLANG_CXX_LIBRARY = "libc++";
				CLANG_ENABLE_MODULES = YES;
				CLANG_ENABLE_OBJC_ARC = YES;
				CLANG_ENABLE_OBJC_WEAK = YES;
				CLANG_WARN_BLOCK_CAPTURE_AUTORELEASING = YES;
				CLANG_WARN_BOOL_CONVERSION = YES;
				CLANG_WARN_COMMA = YES;
				CLANG_WARN_CONSTANT_CONVERSION = YES;
				CLANG_WARN_DEPRECATED_OBJC_IMPLEMENTATIONS = YES;
				CLANG_WARN_DIRECT_OBJC_ISA_USAGE = YES_ERROR;
				CLANG_WARN_DOCUMENTATION_COMMENTS = YES;
				CLANG_WARN_EMPTY_BODY = YES;
				CLANG_WARN_ENUM_CONVERSION = YES;
				CLANG_WARN_INFINITE_RECURSION = YES;
				CLANG_WARN_INT_CONVERSION = YES;
				CLANG_WARN_NON_LITERAL_NULL_CONVERSION = YES;
				CLANG_WARN_OBJC_IMPLICIT_RETAIN_SELF = YES;
				CLANG_WARN_OBJC_LITERAL_CONVERSION = YES;
				CLANG_WARN_OBJC_ROOT_CLASS = YES_ERROR;
				CLANG_WARN_QUOTED_INCLUDE_IN_FRAMEWORK_HEADER = YES;
				CLANG_WARN_RANGE_LOOP_ANALYSIS = YES;
				CLANG_WARN_STRICT_PROTOTYPES = YES;
				CLANG_WARN_SUSPICIOUS_MOVE = YES;
				CLANG_WARN_UNGUARDED_AVAILABILITY = YES_AGGRESSIVE;
				CLANG_WARN_UNREACHABLE_CODE = YES;
				CLANG_WARN__DUPLICATE_METHOD_MATCH = YES;
				COPY_PHASE_STRIP = NO;
				DEBUG_INFORMATION_FORMAT = dwarf;
				ENABLE_STRICT_OBJC_MSGSEND = YES;
				ENABLE_TESTABILITY = YES;
				GCC_C_LANGUAGE_STANDARD = gnu11;
				GCC_DYNAMIC_NO_PIC = NO;
				GCC_NO_COMMON_BLOCKS = YES;
				GCC_OPTIMIZATION_LEVEL = 0;
				GCC_PREPROCESSOR_DEFINITIONS = (
					"DEBUG=1",
					"$(inherited)",
				);
				GCC_WARN_64_TO_32_BIT_CONVERSION = YES;
				GCC_WARN_ABOUT_RETURN_TYPE = YES_ERROR;
				GCC_WARN_UNDECLARED_SELECTOR = YES;
				GCC_WARN_UNINITIALIZED_AUTOS = YES_AGGRESSIVE;
				GCC_WARN_UNUSED_FUNCTION = YES;
				GCC_WARN_UNUSED_VARIABLE = YES;
				IPHONEOS_DEPLOYMENT_TARGET = 14.4;
				MTL_ENABLE_DEBUG_INFO = INCLUDE_SOURCE;
				MTL_FAST_MATH = YES;
				ONLY_ACTIVE_ARCH = YES;
				SDKROOT = iphoneos;
				SWIFT_ACTIVE_COMPILATION_CONDITIONS = DEBUG;
				SWIFT_OPTIMIZATION_LEVEL = "-Onone";
			};
			name = Debug;
		};
		A3722056262C116E007B6E93 /* Release */ = {
			isa = XCBuildConfiguration;
			buildSettings = {
				ALWAYS_SEARCH_USER_PATHS = NO;
				CLANG_ANALYZER_NONNULL = YES;
				CLANG_ANALYZER_NUMBER_OBJECT_CONVERSION = YES_AGGRESSIVE;
				CLANG_CXX_LANGUAGE_STANDARD = "gnu++14";
				CLANG_CXX_LIBRARY = "libc++";
				CLANG_ENABLE_MODULES = YES;
				CLANG_ENABLE_OBJC_ARC = YES;
				CLANG_ENABLE_OBJC_WEAK = YES;
				CLANG_WARN_BLOCK_CAPTURE_AUTORELEASING = YES;
				CLANG_WARN_BOOL_CONVERSION = YES;
				CLANG_WARN_COMMA = YES;
				CLANG_WARN_CONSTANT_CONVERSION = YES;
				CLANG_WARN_DEPRECATED_OBJC_IMPLEMENTATIONS = YES;
				CLANG_WARN_DIRECT_OBJC_ISA_USAGE = YES_ERROR;
				CLANG_WARN_DOCUMENTATION_COMMENTS = YES;
				CLANG_WARN_EMPTY_BODY = YES;
				CLANG_WARN_ENUM_CONVERSION = YES;
				CLANG_WARN_INFINITE_RECURSION = YES;
				CLANG_WARN_INT_CONVERSION = YES;
				CLANG_WARN_NON_LITERAL_NULL_CONVERSION = YES;
				CLANG_WARN_OBJC_IMPLICIT_RETAIN_SELF = YES;
				CLANG_WARN_OBJC_LITERAL_CONVERSION = YES;
				CLANG_WARN_OBJC_ROOT_CLASS = YES_ERROR;
				CLANG_WARN_QUOTED_INCLUDE_IN_FRAMEWORK_HEADER = YES;
				CLANG_WARN_RANGE_LOOP_ANALYSIS = YES;
				CLANG_WARN_STRICT_PROTOTYPES = YES;
				CLANG_WARN_SUSPICIOUS_MOVE = YES;
				CLANG_WARN_UNGUARDED_AVAILABILITY = YES_AGGRESSIVE;
				CLANG_WARN_UNREACHABLE_CODE = YES;
				CLANG_WARN__DUPLICATE_METHOD_MATCH = YES;
				COPY_PHASE_STRIP = NO;
				DEBUG_INFORMATION_FORMAT = "dwarf-with-dsym";
				ENABLE_NS_ASSERTIONS = NO;
				ENABLE_STRICT_OBJC_MSGSEND = YES;
				GCC_C_LANGUAGE_STANDARD = gnu11;
				GCC_NO_COMMON_BLOCKS = YES;
				GCC_WARN_64_TO_32_BIT_CONVERSION = YES;
				GCC_WARN_ABOUT_RETURN_TYPE = YES_ERROR;
				GCC_WARN_UNDECLARED_SELECTOR = YES;
				GCC_WARN_UNINITIALIZED_AUTOS = YES_AGGRESSIVE;
				GCC_WARN_UNUSED_FUNCTION = YES;
				GCC_WARN_UNUSED_VARIABLE = YES;
				IPHONEOS_DEPLOYMENT_TARGET = 14.4;
				MTL_ENABLE_DEBUG_INFO = NO;
				MTL_FAST_MATH = YES;
				SDKROOT = iphoneos;
				SWIFT_COMPILATION_MODE = wholemodule;
				SWIFT_OPTIMIZATION_LEVEL = "-O";
				VALIDATE_PRODUCT = YES;
			};
			name = Release;
		};
		A3722058262C116E007B6E93 /* Debug */ = {
			isa = XCBuildConfiguration;
			buildSettings = {
				ASSETCATALOG_COMPILER_APPICON_NAME = AppIcon;
				ASSETCATALOG_COMPILER_GLOBAL_ACCENT_COLOR_NAME = AccentColor;
				CODE_SIGN_STYLE = Automatic;
				DEVELOPMENT_TEAM = 7NZEBAYB47;
				INFOPLIST_FILE = WWE_Trivia/Info.plist;
				LD_RUNPATH_SEARCH_PATHS = (
					"$(inherited)",
					"@executable_path/Frameworks",
				);
				PRODUCT_BUNDLE_IDENTIFIER = "com.puneettokhi.WWE-Trivia";
				PRODUCT_NAME = "$(TARGET_NAME)";
				SWIFT_VERSION = 5.0;
				TARGETED_DEVICE_FAMILY = 1;
			};
			name = Debug;
		};
		A3722059262C116E007B6E93 /* Release */ = {
			isa = XCBuildConfiguration;
			buildSettings = {
				ASSETCATALOG_COMPILER_APPICON_NAME = AppIcon;
				ASSETCATALOG_COMPILER_GLOBAL_ACCENT_COLOR_NAME = AccentColor;
				CODE_SIGN_STYLE = Automatic;
				DEVELOPMENT_TEAM = 7NZEBAYB47;
				INFOPLIST_FILE = WWE_Trivia/Info.plist;
				LD_RUNPATH_SEARCH_PATHS = (
					"$(inherited)",
					"@executable_path/Frameworks",
				);
				PRODUCT_BUNDLE_IDENTIFIER = "com.puneettokhi.WWE-Trivia";
				PRODUCT_NAME = "$(TARGET_NAME)";
				SWIFT_VERSION = 5.0;
				TARGETED_DEVICE_FAMILY = 1;
			};
			name = Release;
		};
/* End XCBuildConfiguration section */

/* Begin XCConfigurationList section */
		A372203E262C116C007B6E93 /* Build configuration list for PBXProject "WWE_Trivia" */ = {
			isa = XCConfigurationList;
			buildConfigurations = (
				A3722055262C116E007B6E93 /* Debug */,
				A3722056262C116E007B6E93 /* Release */,
			);
			defaultConfigurationIsVisible = 0;
			defaultConfigurationName = Release;
		};
		A3722057262C116E007B6E93 /* Build configuration list for PBXNativeTarget "WWE_Trivia" */ = {
			isa = XCConfigurationList;
			buildConfigurations = (
				A3722058262C116E007B6E93 /* Debug */,
				A3722059262C116E007B6E93 /* Release */,
			);
			defaultConfigurationIsVisible = 0;
			defaultConfigurationName = Release;
		};
/* End XCConfigurationList section */
	};
	rootObject = A372203B262C116C007B6E93 /* Project object */;
}
